
Microsoft Visual Studio Solution File, Format Version 12.00
# Visual Studio Version 17
VisualStudioVersion = 17.11.35303.130
MinimumVisualStudioVersion = 10.0.40219.1
Project("{FAE04EC0-301F-11D3-BF4B-00C04F79EFBC}") = "PruebaCV", "PruebaCV\PruebaCV.csproj", "{50E36613-1DF5-4052-8EB7-AD3376256958}"
EndProject
Global
	GlobalSection(SolutionConfigurationPlatforms) = preSolution
		Debug|Any CPU = Debug|Any CPU
		Release|Any CPU = Release|Any CPU
	EndGlobalSection
	GlobalSection(ProjectConfigurationPlatforms) = postSolution
		{50E36613-1DF5-4052-8EB7-AD3376256958}.Debug|Any CPU.ActiveCfg = Debug|Any CPU
		{50E36613-1DF5-4052-8EB7-AD3376256958}.Debug|Any CPU.Build.0 = Debug|Any CPU
		{50E36613-1DF5-4052-8EB7-AD3376256958}.Release|Any CPU.ActiveCfg = Release|Any CPU
		{50E36613-1DF5-4052-8EB7-AD3376256958}.Release|Any CPU.Build.0 = Release|Any CPU
	EndGlobalSection
	GlobalSection(SolutionProperties) = preSolution
		HideSolutionNode = FALSE
	EndGlobalSection
	GlobalSection(ExtensibilityGlobals) = postSolution
		SolutionGuid = {622E9C4D-F71C-4062-BF4E-8E2AB766B2BB}
	EndGlobalSection
EndGlobal
